<?xml version="1.0" encoding="utf-8"?>
<Project ToolsVersion="4.0" xmlns="http://schemas.microsoft.com/developer/msbuild/2003">
  <ItemGroup>
    <Filter Include="MetaMod">
      <UniqueIdentifier>{609f0f2f-1850-43ec-94ac-5e16550d6d01}</UniqueIdentifier>
    </Filter>
    <Filter Include="MetaMod\MetaDLL">
      <UniqueIdentifier>{bd968d6a-40fe-47ea-ae1f-23bf2da6b4b5}</UniqueIdentifier>
    </Filter>
    <Filter Include="MetaMod\MetaEngine">
      <UniqueIdentifier>{137fa059-58d0-4974-9e90-26866749d39f}</UniqueIdentifier>
    </Filter>
    <Filter Include="ReAPI">
      <UniqueIdentifier>{70eb3410-f251-4412-b4da-411701b101a0}</UniqueIdentifier>
    </Filter>
    <Filter Include="ReGameDLL">
      <UniqueIdentifier>{b12beddc-a754-41f2-b9a8-950ac06557f9}</UniqueIdentifier>
    </Filter>
    <Filter Include="MetaMod\Precompiled">
      <UniqueIdentifier>{8409f983-aca8-47c7-bc99-ddecf18efa94}</UniqueIdentifier>
    </Filter>
    <Filter Include="SurfMod">
      <UniqueIdentifier>{7222d9f6-2990-4ffc-a76e-3545b6314ef6}</UniqueIdentifier>
    </Filter>
    <Filter Include="SurfMod\SurfUtils">
      <UniqueIdentifier>{38bc0dbe-7834-4b57-8455-c508a8804284}</UniqueIdentifier>
    </Filter>
    <Filter Include="SurfMod\SurfCommand">
      <UniqueIdentifier>{304559b2-004b-479b-bd1a-7977770841f0}</UniqueIdentifier>
    </Filter>
    <Filter Include="SurfMod\SurfMenu">
      <UniqueIdentifier>{8a487252-fc0c-404e-90f7-05c9bb1819c9}</UniqueIdentifier>
    </Filter>
    <Filter Include="SurfMod\SurfPlayerMenu">
      <UniqueIdentifier>{ed7be30a-15a0-4cb3-82b3-e5520547a0d9}</UniqueIdentifier>
    </Filter>
    <Filter Include="SurfMod\SurfFix">
      <UniqueIdentifier>{c7060471-e74a-478f-90ce-d52e6363790d}</UniqueIdentifier>
    </Filter>
    <Filter Include="SurfMod\SurfDuels">
      <UniqueIdentifier>{5da80521-a81f-4249-a379-1f371fe43b8d}</UniqueIdentifier>
    </Filter>
    <Filter Include="SurfMod\SurfPlayer">
      <UniqueIdentifier>{02c35704-59a3-4a9d-9a9b-d6073233ddac}</UniqueIdentifier>
    </Filter>
    <Filter Include="SurfMod\SurfTask">
      <UniqueIdentifier>{73e282e4-dd5b-4b31-8998-bd95f2012b05}</UniqueIdentifier>
    </Filter>
    <Filter Include="SurfMod\SurfBox">
      <UniqueIdentifier>{bafb44e3-d0ba-465b-ab4e-44a6eee63463}</UniqueIdentifier>
    </Filter>
  </ItemGroup>
  <ItemGroup>
    <ClInclude Include="MetaMod.h">
      <Filter>MetaMod</Filter>
    </ClInclude>
    <ClInclude Include="MetaDLL.h">
      <Filter>MetaMod\MetaDLL</Filter>
    </ClInclude>
    <ClInclude Include="MetaEngine.h">
      <Filter>MetaMod\MetaEngine</Filter>
    </ClInclude>
    <ClInclude Include="ReAPI.h">
      <Filter>ReAPI</Filter>
    </ClInclude>
    <ClInclude Include="ReGameDLL.h">
      <Filter>ReGameDLL</Filter>
    </ClInclude>
    <ClInclude Include="precompiled.h">
      <Filter>MetaMod\Precompiled</Filter>
    </ClInclude>
    <ClInclude Include="MemScript.hpp">
      <Filter>MetaMod</Filter>
    </ClInclude>
    <ClInclude Include="SurfModCommand.h">
      <Filter>SurfMod\SurfCommand</Filter>
    </ClInclude>
    <ClInclude Include="SurfModUtils.h">
      <Filter>SurfMod\SurfUtils</Filter>
    </ClInclude>
    <ClInclude Include="SurfModMenu.h">
      <Filter>SurfMod\SurfMenu</Filter>
    </ClInclude>
    <ClInclude Include="SurfModPlayerMenu.h">
      <Filter>SurfMod\SurfPlayerMenu</Filter>
    </ClInclude>
    <ClInclude Include="SurfModFix.h">
      <Filter>SurfMod\SurfFix</Filter>
    </ClInclude>
    <ClInclude Include="SurfModPlayer.h">
      <Filter>SurfMod\SurfPlayer</Filter>
    </ClInclude>
    <ClInclude Include="SurfModDuels.h">
      <Filter>SurfMod\SurfDuels</Filter>
    </ClInclude>
    <ClInclude Include="SurfModTask.h">
      <Filter>SurfMod\SurfTask</Filter>
    </ClInclude>
    <ClInclude Include="SurfModBox.h">
      <Filter>SurfMod\SurfBox</Filter>
    </ClInclude>
  </ItemGroup>
  <ItemGroup>
    <ClCompile Include="MetaMod.cpp">
      <Filter>MetaMod</Filter>
    </ClCompile>
    <ClCompile Include="MetaDLL.cpp">
      <Filter>MetaMod\MetaDLL</Filter>
    </ClCompile>
    <ClCompile Include="MetaEngine.cpp">
      <Filter>MetaMod\MetaEngine</Filter>
    </ClCompile>
    <ClCompile Include="precompiled.cpp">
      <Filter>MetaMod\Precompiled</Filter>
    </ClCompile>
    <ClCompile Include="ReAPI.cpp">
      <Filter>ReAPI</Filter>
    </ClCompile>
    <ClCompile Include="ReGameDLL.cpp">
      <Filter>ReGameDLL</Filter>
    </ClCompile>
    <ClCompile Include="SurfModCommand.cpp">
      <Filter>SurfMod\SurfCommand</Filter>
    </ClCompile>
    <ClCompile Include="SurfModUtils.cpp">
      <Filter>SurfMod\SurfUtils</Filter>
    </ClCompile>
    <ClCompile Include="SurfModMenu.cpp">
      <Filter>SurfMod\SurfMenu</Filter>
    </ClCompile>
    <ClCompile Include="SurfModPlayerMenu.cpp">
      <Filter>SurfMod\SurfPlayerMenu</Filter>
    </ClCompile>
    <ClCompile Include="SurfModFix.cpp">
      <Filter>SurfMod\SurfFix</Filter>
    </ClCompile>
    <ClCompile Include="SurfModPlayer.cpp">
      <Filter>SurfMod\SurfPlayer</Filter>
    </ClCompile>
    <ClCompile Include="SurfModDuels.cpp">
      <Filter>SurfMod\SurfDuels</Filter>
    </ClCompile>
    <ClCompile Include="SurfModTask.cpp">
      <Filter>SurfMod\SurfTask</Filter>
    </ClCompile>
    <ClCompile Include="SurfModBox.cpp">
      <Filter>SurfMod\SurfBox</Filter>
    </ClCompile>
  </ItemGroup>
</Project>